
Microsoft Visual Studio Solution File, Format Version 12.00
# Visual Studio Version 17
VisualStudioVersion = 17.8.34309.116
MinimumVisualStudioVersion = 10.0.40219.1
Project("{FAE04EC0-301F-11D3-BF4B-00C04F79EFBC}") = "Design_Patterns", "Design_Patterns\Design_Patterns.csproj", "{759E92EE-45EF-4D95-A9C5-02D3EB4A42C5}"
EndProject
Global
	GlobalSection(SolutionConfigurationPlatforms) = preSolution
		Debug|Any CPU = Debug|Any CPU
		Release|Any CPU = Release|Any CPU
	EndGlobalSection
	GlobalSection(ProjectConfigurationPlatforms) = postSolution
		{759E92EE-45EF-4D95-A9C5-02D3EB4A42C5}.Debug|Any CPU.ActiveCfg = Debug|Any CPU
		{759E92EE-45EF-4D95-A9C5-02D3EB4A42C5}.Debug|Any CPU.Build.0 = Debug|Any CPU
		{759E92EE-45EF-4D95-A9C5-02D3EB4A42C5}.Release|Any CPU.ActiveCfg = Release|Any CPU
		{759E92EE-45EF-4D95-A9C5-02D3EB4A42C5}.Release|Any CPU.Build.0 = Release|Any CPU
	EndGlobalSection
	GlobalSection(SolutionProperties) = preSolution
		HideSolutionNode = FALSE
	EndGlobalSection
	GlobalSection(ExtensibilityGlobals) = postSolution
		SolutionGuid = {C21D8620-0535-4DA0-B816-D5EAF047492A}
	EndGlobalSection
EndGlobal
